
Microsoft Visual Studio Solution File, Format Version 12.00
# Visual Studio Version 16
VisualStudioVersion = 16.0.29503.13
MinimumVisualStudioVersion = 10.0.40219.1
Project("{9A19103F-16F7-4668-BE54-9A1E7A4F7556}") = "PicasaDatabaseReader.Core", "PicasaDatabaseReader.Core\PicasaDatabaseReader.Core.csproj", "{B37618DB-2349-4A52-97DD-738DE6060206}"
EndProject
Project("{9A19103F-16F7-4668-BE54-9A1E7A4F7556}") = "PicasaDatabaseReader.Core.Tests", "PicasaDatabaseReader.Core.Tests\PicasaDatabaseReader.Core.Tests.csproj", "{A47D948D-B33E-4AD2-BD69-3A70DC85D616}"
EndProject
Project("{FAE04EC0-301F-11D3-BF4B-00C04F79EFBC}") = "PicasaDatabaseReader.UI", "PicasaDatabaseReader.UI\PicasaDatabaseReader.UI.csproj", "{E8A0F828-8549-4200-93D9-759A1BDA0430}"
EndProject
Global
	GlobalSection(SolutionConfigurationPlatforms) = preSolution
		Debug|Any CPU = Debug|Any CPU
		Release|Any CPU = Release|Any CPU
	EndGlobalSection
	GlobalSection(ProjectConfigurationPlatforms) = postSolution
		{B37618DB-2349-4A52-97DD-738DE6060206}.Debug|Any CPU.ActiveCfg = Debug|Any CPU
		{B37618DB-2349-4A52-97DD-738DE6060206}.Debug|Any CPU.Build.0 = Debug|Any CPU
		{B37618DB-2349-4A52-97DD-738DE6060206}.Release|Any CPU.ActiveCfg = Release|Any CPU
		{B37618DB-2349-4A52-97DD-738DE6060206}.Release|Any CPU.Build.0 = Release|Any CPU
		{A47D948D-B33E-4AD2-BD69-3A70DC85D616}.Debug|Any CPU.ActiveCfg = Debug|Any CPU
		{A47D948D-B33E-4AD2-BD69-3A70DC85D616}.Debug|Any CPU.Build.0 = Debug|Any CPU
		{A47D948D-B33E-4AD2-BD69-3A70DC85D616}.Release|Any CPU.ActiveCfg = Release|Any CPU
		{A47D948D-B33E-4AD2-BD69-3A70DC85D616}.Release|Any CPU.Build.0 = Release|Any CPU
		{E8A0F828-8549-4200-93D9-759A1BDA0430}.Debug|Any CPU.ActiveCfg = Debug|Any CPU
		{E8A0F828-8549-4200-93D9-759A1BDA0430}.Debug|Any CPU.Build.0 = Debug|Any CPU
		{E8A0F828-8549-4200-93D9-759A1BDA0430}.Release|Any CPU.ActiveCfg = Release|Any CPU
		{E8A0F828-8549-4200-93D9-759A1BDA0430}.Release|Any CPU.Build.0 = Release|Any CPU
	EndGlobalSection
	GlobalSection(SolutionProperties) = preSolution
		HideSolutionNode = FALSE
	EndGlobalSection
	GlobalSection(ExtensibilityGlobals) = postSolution
		SolutionGuid = {67A341BC-1CCE-4BA1-BAE2-878DC77BB952}
	EndGlobalSection
EndGlobal
